// !$*UTF8*$!
{
	archiveVersion = 1;
	classes = {
	};
	objectVersion = 77;
	objects = {

/* Begin PBXBuildFile section */
		99C100000000000000000003 /* ConnectIQ in Companion Frameworks */ = {isa = PBXBuildFile; productRef = 99C100000000000000000002 /* ConnectIQ */; };
		99B100000000000000000007 /* SwiftASN1 in Companion Frameworks */ = {isa = PBXBuildFile; productRef = 99B100000000000000000006 /* SwiftASN1 */; };
		99A20000000000000000000A /* WearTAK Watch App.app in Embed Watch Content */ = {isa = PBXBuildFile; fileRef = 12858C89306DD75A002BB8CC /* WearTAK Watch App.app */; settings = {ATTRIBUTES = (RemoveHeadersOnCopy, ); }; };
/* End PBXBuildFile section */

/* Begin PBXContainerItemProxy section */
		99A200000000000000000009 /* PBXContainerItemProxy */ = {
			isa = PBXContainerItemProxy;
			containerPortal = 12858C81306DD75A002BB8CC /* Project object */;
			proxyType = 1;
			remoteGlobalIDString = 12858C88306DD75A002BB8CC;
			remoteInfo = "WearTAK Watch App";
		};
/* End PBXContainerItemProxy section */

/* Begin PBXCopyFilesBuildPhase section */
		99A200000000000000000006 /* Embed Watch Content */ = {
			isa = PBXCopyFilesBuildPhase;
			buildActionMask = 2147483647;
			dstPath = "$(CONTENTS_FOLDER_PATH)/Watch";
			dstSubfolderSpec = 16;
			files = (
				99A20000000000000000000A /* WearTAK Watch App.app in Embed Watch Content */,
			);
			name = "Embed Watch Content";
			runOnlyForDeploymentPostprocessing = 0;
		};
/* End PBXCopyFilesBuildPhase section */

/* Begin PBXFileReference section */
		12858C89306DD75A002BB8CC /* WearTAK Watch App.app */ = {isa = PBXFileReference; explicitFileType = wrapper.application; includeInIndex = 0; path = "WearTAK Watch App.app"; sourceTree = BUILT_PRODUCTS_DIR; };
		99A200000000000000000001 /* WearTAK.app */ = {isa = PBXFileReference; explicitFileType = wrapper.application; includeInIndex = 0; path = WearTAK.app; sourceTree = BUILT_PRODUCTS_DIR; };
/* End PBXFileReference section */

/* Begin PBXFileSystemSynchronizedRootGroup section */
		99B100000000000000000001 /* WearTAK Companion */ = {
			isa = PBXFileSystemSynchronizedRootGroup;
			path = "WearTAK Companion";
			sourceTree = "<group>";
		};
		99B100000000000000000002 /* Shared */ = {
			isa = PBXFileSystemSynchronizedRootGroup;
			path = Shared;
			sourceTree = "<group>";
		};
		12858C8B306DD75A002BB8CC /* WearTAK Watch App */ = {
			isa = PBXFileSystemSynchronizedRootGroup;
			path = "WearTAK Watch App";
			sourceTree = "<group>";
		};
/* End PBXFileSystemSynchronizedRootGroup section */

/* Begin PBXFrameworksBuildPhase section */
		99B100000000000000000004 /* Companion Frameworks */ = {
			isa = PBXFrameworksBuildPhase;
			buildActionMask = 2147483647;
			files = (99B100000000000000000007 /* SwiftASN1 in Companion Frameworks */, 99C100000000000000000003 /* ConnectIQ in Companion Frameworks */, );
			runOnlyForDeploymentPostprocessing = 0;
		};
		12858C86306DD75A002BB8CC /* Frameworks */ = {
			isa = PBXFrameworksBuildPhase;
			buildActionMask = 2147483647;
			files = (
			);
			runOnlyForDeploymentPostprocessing = 0;
		};
/* End PBXFrameworksBuildPhase section */

/* Begin PBXGroup section */
		12858C80306DD75A002BB8CC = {
			isa = PBXGroup;
			children = (
				12858C8B306DD75A002BB8CC /* WearTAK Watch App */,
				99B100000000000000000001 /* WearTAK Companion */,
				99B100000000000000000002 /* Shared */,
				12858C8A306DD75A002BB8CC /* Products */,
			);
			sourceTree = "<group>";
		};
		12858C8A306DD75A002BB8CC /* Products */ = {
			isa = PBXGroup;
			children = (
				12858C89306DD75A002BB8CC /* WearTAK Watch App.app */,
				99A200000000000000000001 /* WearTAK.app */,
			);
			name = Products;
			sourceTree = "<group>";
		};
/* End PBXGroup section */

/* Begin PBXNativeTarget section */
		12858C88306DD75A002BB8CC /* WearTAK Watch App */ = {
			isa = PBXNativeTarget;
			buildConfigurationList = 12858C94306DD75B002BB8CC /* Build configuration list for PBXNativeTarget "WearTAK Watch App" */;
			buildPhases = (
				12858C85306DD75A002BB8CC /* Sources */,
				12858C86306DD75A002BB8CC /* Frameworks */,
				12858C87306DD75A002BB8CC /* Resources */,
				99A1C3E70000000000000001 /* Embed Git commit */,
			);
			buildRules = (
			);
			dependencies = (
			);
			fileSystemSynchronizedGroups = (
				12858C8B306DD75A002BB8CC /* WearTAK Watch App */,
				99B100000000000000000002 /* Shared */,
			);
			name = "WearTAK Watch App";
			packageProductDependencies = (
			);
			productName = "WearTAK Watch App";
			productReference = 12858C89306DD75A002BB8CC /* WearTAK Watch App.app */;
			productType = "com.apple.product-type.application";
		};
		99A200000000000000000002 /* WearTAK Distribution */ = {
			isa = PBXNativeTarget;
			buildConfigurationList = 99A200000000000000000003 /* Build configuration list for PBXNativeTarget "WearTAK Distribution" */;
			buildPhases = (
				99B100000000000000000003 /* Companion Sources */,
				99B100000000000000000004 /* Companion Frameworks */,
				99A200000000000000000007 /* Resources */,
				99A200000000000000000006 /* Embed Watch Content */,
			);
			buildRules = ();
			dependencies = (
				99A200000000000000000008 /* PBXTargetDependency */,
			);
			name = "WearTAK Distribution";
			fileSystemSynchronizedGroups = (
				99B100000000000000000001 /* WearTAK Companion */,
				99B100000000000000000002 /* Shared */,
			);
			packageProductDependencies = (
				99B100000000000000000006 /* SwiftASN1 */,
				99C100000000000000000002 /* ConnectIQ */,
			);
			productName = WearTAK;
			productReference = 99A200000000000000000001 /* WearTAK.app */;
			productType = "com.apple.product-type.application";
		};
/* End PBXNativeTarget section */

/* Begin PBXProject section */
		12858C81306DD75A002BB8CC /* Project object */ = {
			isa = PBXProject;
			attributes = {
				BuildIndependentTargetsInParallel = 1;
				LastSwiftUpdateCheck = 2630;
				LastUpgradeCheck = 2630;
				TargetAttributes = {
					12858C88306DD75A002BB8CC = {
						CreatedOnToolsVersion = 26.3;
					};
				};
			};
			buildConfigurationList = 12858C84306DD75A002BB8CC /* Build configuration list for PBXProject "WearTAK" */;
			developmentRegion = en;
			hasScannedForEncodings = 0;
			knownRegions = (
				ar,
				bg,
				hr,
				cs,
				da,
				nl,
				en,
				et,
				fi,
				fr,
				de,
				el,
				he,
				hu,
				id,
				it,
				ja,
				ko,
				lv,
				lt,
				nb,
				pl,
				pt,
				ro,
				ru,
				sk,
				sl,
				es,
				sv,
				th,
				tr,
				uk,
				vi,
				ms,
				zh-Hans,
				zh-Hant,
				Base,
			);
			mainGroup = 12858C80306DD75A002BB8CC;
			minimizedProjectReferenceProxies = 1;
			preferredProjectObjectVersion = 77;
			productRefGroup = 12858C8A306DD75A002BB8CC /* Products */;
			projectDirPath = "";
			projectRoot = "";
			packageReferences = (
				99B100000000000000000005 /* XCRemoteSwiftPackageReference swift-asn1 */,
				99C100000000000000000001 /* XCRemoteSwiftPackageReference ConnectIQ */,
			);
			targets = (
				12858C88306DD75A002BB8CC /* WearTAK Watch App */,
				99A200000000000000000002 /* WearTAK Distribution */,
			);
		};
/* End PBXProject section */

/* Begin PBXResourcesBuildPhase section */
		12858C87306DD75A002BB8CC /* Resources */ = {
			isa = PBXResourcesBuildPhase;
			buildActionMask = 2147483647;
			files = (
			);
			runOnlyForDeploymentPostprocessing = 0;
		};
		99A200000000000000000007 /* Resources */ = {
			isa = PBXResourcesBuildPhase;
			buildActionMask = 2147483647;
			files = ();
			runOnlyForDeploymentPostprocessing = 0;
		};
/* End PBXResourcesBuildPhase section */

/* Begin PBXShellScriptBuildPhase section */
		99A1C3E70000000000000001 /* Embed Git commit */ = {
			isa = PBXShellScriptBuildPhase;
			alwaysOutOfDate = 1;
			buildActionMask = 2147483647;
			files = (
			);
			inputFileListPaths = (
			);
			inputPaths = (
				"$(SRCROOT)/.git",
				"$(SRCROOT)/.git/HEAD",
				"$(SRCROOT)/.git/config",
				"$(SRCROOT)/.git/index",
				"$(SRCROOT)/.git/packed-refs",
				"$(SRCROOT)/.git/refs/heads",
				"$(SRCROOT)/.git/refs/heads/develop",
				"$(SRCROOT)/.git/objects",
			);
			name = "Embed Git commit";
			outputFileListPaths = (
			);
			outputPaths = (
				"$(TARGET_BUILD_DIR)/$(UNLOCALIZED_RESOURCES_FOLDER_PATH)/WearTAKGitCommit.txt",
			);
			runOnlyForDeploymentPostprocessing = 0;
			shellPath = /bin/sh;
			shellScript = "set -eu\nrevision=$(/usr/bin/git -C \"$SRCROOT\" rev-parse HEAD)\nresource=\"$TARGET_BUILD_DIR/$UNLOCALIZED_RESOURCES_FOLDER_PATH/WearTAKGitCommit.txt\"\nmkdir -p \"$(dirname \"$resource\")\"\nprintf '%.7s\\n' \"$revision\" > \"$resource\"\n";
		};
/* End PBXShellScriptBuildPhase section */

/* Begin PBXSourcesBuildPhase section */
		99B100000000000000000003 /* Companion Sources */ = {
			isa = PBXSourcesBuildPhase;
			buildActionMask = 2147483647;
			files = ();
			runOnlyForDeploymentPostprocessing = 0;
		};
		12858C85306DD75A002BB8CC /* Sources */ = {
			isa = PBXSourcesBuildPhase;
			buildActionMask = 2147483647;
			files = (
			);
			runOnlyForDeploymentPostprocessing = 0;
		};
/* End PBXSourcesBuildPhase section */

/* Begin XCRemoteSwiftPackageReference section */
		99C100000000000000000001 /* XCRemoteSwiftPackageReference ConnectIQ */ = {
			isa = XCRemoteSwiftPackageReference;
			repositoryURL = "https://github.com/garmin/connectiq-companion-app-sdk-ios.git";
			requirement = {kind = revision; revision = f0d29ff691d700a132d86205ed9bb091e336c2f7; };
		};
		99B100000000000000000005 /* XCRemoteSwiftPackageReference swift-asn1 */ = {
			isa = XCRemoteSwiftPackageReference;
			repositoryURL = "https://github.com/apple/swift-asn1.git";
			requirement = {kind = upToNextMajorVersion; minimumVersion = 1.3.1; };
		};
/* End XCRemoteSwiftPackageReference section */

/* Begin XCSwiftPackageProductDependency section */
		99C100000000000000000002 /* ConnectIQ */ = {
			isa = XCSwiftPackageProductDependency;
			package = 99C100000000000000000001 /* XCRemoteSwiftPackageReference ConnectIQ */;
			productName = ConnectIQ;
		};
		99B100000000000000000006 /* SwiftASN1 */ = {
			isa = XCSwiftPackageProductDependency;
			package = 99B100000000000000000005 /* XCRemoteSwiftPackageReference swift-asn1 */;
			productName = SwiftASN1;
		};
/* End XCSwiftPackageProductDependency section */

/* Begin PBXTargetDependency section */
		99A200000000000000000008 /* PBXTargetDependency */ = {
			isa = PBXTargetDependency;
			target = 12858C88306DD75A002BB8CC /* WearTAK Watch App */;
			targetProxy = 99A200000000000000000009 /* PBXContainerItemProxy */;
		};
/* End PBXTargetDependency section */

/* Begin XCBuildConfiguration section */
		12858C92306DD75B002BB8CC /* Debug */ = {
			isa = XCBuildConfiguration;
			buildSettings = {
				ALWAYS_SEARCH_USER_PATHS = NO;
				ASSETCATALOG_COMPILER_GENERATE_SWIFT_ASSET_SYMBOL_EXTENSIONS = YES;
				CLANG_ANALYZER_NONNULL = YES;
				CLANG_ANALYZER_NUMBER_OBJECT_CONVERSION = YES_AGGRESSIVE;
				CLANG_CXX_LANGUAGE_STANDARD = "gnu++20";
				CLANG_ENABLE_MODULES = YES;
				CLANG_ENABLE_OBJC_ARC = YES;
				CLANG_ENABLE_OBJC_WEAK = YES;
				CLANG_WARN_BLOCK_CAPTURE_AUTORELEASING = YES;
				CLANG_WARN_BOOL_CONVERSION = YES;
				CLANG_WARN_COMMA = YES;
				CLANG_WARN_CONSTANT_CONVERSION = YES;
				CLANG_WARN_DEPRECATED_OBJC_IMPLEMENTATIONS = YES;
				CLANG_WARN_DIRECT_OBJC_ISA_USAGE = YES_ERROR;
				CLANG_WARN_DOCUMENTATION_COMMENTS = YES;
				CLANG_WARN_EMPTY_BODY = YES;
				CLANG_WARN_ENUM_CONVERSION = YES;
				CLANG_WARN_INFINITE_RECURSION = YES;
				CLANG_WARN_INT_CONVERSION = YES;
				CLANG_WARN_NON_LITERAL_NULL_CONVERSION = YES;
				CLANG_WARN_OBJC_IMPLICIT_RETAIN_SELF = YES;
				CLANG_WARN_OBJC_LITERAL_CONVERSION = YES;
				CLANG_WARN_OBJC_ROOT_CLASS = YES_ERROR;
				CLANG_WARN_QUOTED_INCLUDE_IN_FRAMEWORK_HEADER = YES;
				CLANG_WARN_RANGE_LOOP_ANALYSIS = YES;
				CLANG_WARN_STRICT_PROTOTYPES = YES;
				CLANG_WARN_SUSPICIOUS_MOVE = YES;
				CLANG_WARN_UNGUARDED_AVAILABILITY = YES_AGGRESSIVE;
				CLANG_WARN_UNREACHABLE_CODE = YES;
				CLANG_WARN__DUPLICATE_METHOD_MATCH = YES;
				COPY_PHASE_STRIP = NO;
				DEBUG_INFORMATION_FORMAT = dwarf;
				ENABLE_STRICT_OBJC_MSGSEND = YES;
				ENABLE_TESTABILITY = YES;
				ENABLE_USER_SCRIPT_SANDBOXING = YES;
				GCC_C_LANGUAGE_STANDARD = gnu17;
				GCC_DYNAMIC_NO_PIC = NO;
				GCC_NO_COMMON_BLOCKS = YES;
				GCC_OPTIMIZATION_LEVEL = 0;
				GCC_PREPROCESSOR_DEFINITIONS = (
					"DEBUG=1",
					"$(inherited)",
				);
				GCC_WARN_64_TO_32_BIT_CONVERSION = YES;
				GCC_WARN_ABOUT_RETURN_TYPE = YES_ERROR;
				GCC_WARN_UNDECLARED_SELECTOR = YES;
				GCC_WARN_UNINITIALIZED_AUTOS = YES_AGGRESSIVE;
				GCC_WARN_UNUSED_FUNCTION = YES;
				GCC_WARN_UNUSED_VARIABLE = YES;
				LOCALIZATION_PREFERS_STRING_CATALOGS = YES;
				MTL_ENABLE_DEBUG_INFO = INCLUDE_SOURCE;
				MTL_FAST_MATH = YES;
				ONLY_ACTIVE_ARCH = YES;
				SWIFT_ACTIVE_COMPILATION_CONDITIONS = "DEBUG $(inherited)";
				SWIFT_OPTIMIZATION_LEVEL = "-Onone";
			};
			name = Debug;
		};
		12858C93306DD75B002BB8CC /* Release */ = {
			isa = XCBuildConfiguration;
			buildSettings = {
				ALWAYS_SEARCH_USER_PATHS = NO;
				ASSETCATALOG_COMPILER_GENERATE_SWIFT_ASSET_SYMBOL_EXTENSIONS = YES;
				CLANG_ANALYZER_NONNULL = YES;
				CLANG_ANALYZER_NUMBER_OBJECT_CONVERSION = YES_AGGRESSIVE;
				CLANG_CXX_LANGUAGE_STANDARD = "gnu++20";
				CLANG_ENABLE_MODULES = YES;
				CLANG_ENABLE_OBJC_ARC = YES;
				CLANG_ENABLE_OBJC_WEAK = YES;
				CLANG_WARN_BLOCK_CAPTURE_AUTORELEASING = YES;
				CLANG_WARN_BOOL_CONVERSION = YES;
				CLANG_WARN_COMMA = YES;
				CLANG_WARN_CONSTANT_CONVERSION = YES;
				CLANG_WARN_DEPRECATED_OBJC_IMPLEMENTATIONS = YES;
				CLANG_WARN_DIRECT_OBJC_ISA_USAGE = YES_ERROR;
				CLANG_WARN_DOCUMENTATION_COMMENTS = YES;
				CLANG_WARN_EMPTY_BODY = YES;
				CLANG_WARN_ENUM_CONVERSION = YES;
				CLANG_WARN_INFINITE_RECURSION = YES;
				CLANG_WARN_INT_CONVERSION = YES;
				CLANG_WARN_NON_LITERAL_NULL_CONVERSION = YES;
				CLANG_WARN_OBJC_IMPLICIT_RETAIN_SELF = YES;
				CLANG_WARN_OBJC_LITERAL_CONVERSION = YES;
				CLANG_WARN_OBJC_ROOT_CLASS = YES_ERROR;
				CLANG_WARN_QUOTED_INCLUDE_IN_FRAMEWORK_HEADER = YES;
				CLANG_WARN_RANGE_LOOP_ANALYSIS = YES;
				CLANG_WARN_STRICT_PROTOTYPES = YES;
				CLANG_WARN_SUSPICIOUS_MOVE = YES;
				CLANG_WARN_UNGUARDED_AVAILABILITY = YES_AGGRESSIVE;
				CLANG_WARN_UNREACHABLE_CODE = YES;
				CLANG_WARN__DUPLICATE_METHOD_MATCH = YES;
				COPY_PHASE_STRIP = NO;
				DEBUG_INFORMATION_FORMAT = "dwarf-with-dsym";
				ENABLE_NS_ASSERTIONS = NO;
				ENABLE_STRICT_OBJC_MSGSEND = YES;
				ENABLE_USER_SCRIPT_SANDBOXING = YES;
				GCC_C_LANGUAGE_STANDARD = gnu17;
				GCC_NO_COMMON_BLOCKS = YES;
				GCC_WARN_64_TO_32_BIT_CONVERSION = YES;
				GCC_WARN_ABOUT_RETURN_TYPE = YES_ERROR;
				GCC_WARN_UNDECLARED_SELECTOR = YES;
				GCC_WARN_UNINITIALIZED_AUTOS = YES_AGGRESSIVE;
				GCC_WARN_UNUSED_FUNCTION = YES;
				GCC_WARN_UNUSED_VARIABLE = YES;
				LOCALIZATION_PREFERS_STRING_CATALOGS = YES;
				MTL_ENABLE_DEBUG_INFO = NO;
				MTL_FAST_MATH = YES;
				SWIFT_COMPILATION_MODE = wholemodule;
			};
			name = Release;
		};
		12858C95306DD75B002BB8CC /* Debug */ = {
			isa = XCBuildConfiguration;
			buildSettings = {
				ASSETCATALOG_COMPILER_APPICON_NAME = AppIcon;
				ASSETCATALOG_COMPILER_GLOBAL_ACCENT_COLOR_NAME = AccentColor;
				CODE_SIGN_ENTITLEMENTS = WearTAK.entitlements;
				CODE_SIGN_IDENTITY = "Apple Development";
				"CODE_SIGN_IDENTITY[sdk=watchos*]" = "iPhone Distribution";
				CODE_SIGN_STYLE = Manual;
				CURRENT_PROJECT_VERSION = 18;
				DEVELOPMENT_TEAM = "";
				"DEVELOPMENT_TEAM[sdk=watchos*]" = H284X28FTP;
				ENABLE_PREVIEWS = YES;
				GENERATE_INFOPLIST_FILE = YES;
				INFOPLIST_KEY_CFBundleDisplayName = WearTAK;
				INFOPLIST_KEY_ITSAppUsesNonExemptEncryption = NO;
				INFOPLIST_KEY_NSHealthShareUsageDescription = "WearTAK reads heart rate to show physiology and evaluate opted-in alerts.";
				INFOPLIST_KEY_NSHealthUpdateUsageDescription = "WearTAK uses HealthKit for heart-rate monitoring and physiological alerts you enable. This version does not save or modify your Health data.";
				INFOPLIST_KEY_NSLocalNetworkUsageDescription = "WearTAK shares tactical positions, alerts, and points with TAK devices on your local WiFi network.";
				INFOPLIST_KEY_NSLocationWhenInUseUsageDescription = "WearTAK uses your location to send your position and place markers.";
				INFOPLIST_KEY_NSMotionUsageDescription = "WearTAK uses step activity to distinguish resting heart-rate alerts from exertion.";
				INFOPLIST_KEY_UISupportedInterfaceOrientations = "UIInterfaceOrientationPortrait UIInterfaceOrientationPortraitUpsideDown";
				INFOPLIST_KEY_WKWatchOnly = NO;
				INFOPLIST_KEY_WKCompanionAppBundleIdentifier = com.aegorsuch.weartak;
				INFOPLIST_KEY_WKRunsIndependentlyOfCompanionApp = YES;
				LD_RUNPATH_SEARCH_PATHS = (
					"$(inherited)",
					"@executable_path/Frameworks",
				);
				MARKETING_VERSION = 5.8.3;
				PRODUCT_BUNDLE_IDENTIFIER = com.aegorsuch.weartak.watchkitapp;
				PRODUCT_NAME = "$(TARGET_NAME)";
				PROVISIONING_PROFILE_SPECIFIER = "";
				"PROVISIONING_PROFILE_SPECIFIER[sdk=watchos*]" = "WearTAK App Store";
				SDKROOT = watchos;
				SKIP_INSTALL = YES;
				STRING_CATALOG_GENERATE_SYMBOLS = YES;
				SWIFT_APPROACHABLE_CONCURRENCY = YES;
				SWIFT_DEFAULT_ACTOR_ISOLATION = MainActor;
				SWIFT_EMIT_LOC_STRINGS = YES;
				SWIFT_UPCOMING_FEATURE_MEMBER_IMPORT_VISIBILITY = YES;
				SWIFT_VERSION = 5.0;
				TARGETED_DEVICE_FAMILY = 4;
				WATCHOS_DEPLOYMENT_TARGET = 26.2;
			};
			name = Debug;
		};
		12858C96306DD75B002BB8CC /* Release */ = {
			isa = XCBuildConfiguration;
			buildSettings = {
				ASSETCATALOG_COMPILER_APPICON_NAME = AppIcon;
				ASSETCATALOG_COMPILER_GLOBAL_ACCENT_COLOR_NAME = AccentColor;
				CODE_SIGN_ENTITLEMENTS = WearTAK.entitlements;
				CODE_SIGN_IDENTITY = "Apple Development";
				"CODE_SIGN_IDENTITY[sdk=watchos*]" = "iPhone Distribution";
				CODE_SIGN_STYLE = Manual;
				CURRENT_PROJECT_VERSION = 18;
				DEVELOPMENT_TEAM = "";
				"DEVELOPMENT_TEAM[sdk=watchos*]" = H284X28FTP;
				ENABLE_PREVIEWS = YES;
				GENERATE_INFOPLIST_FILE = YES;
				INFOPLIST_KEY_CFBundleDisplayName = WearTAK;
				INFOPLIST_KEY_ITSAppUsesNonExemptEncryption = NO;
				INFOPLIST_KEY_NSHealthShareUsageDescription = "WearTAK reads heart rate to show physiology and evaluate opted-in alerts.";
				INFOPLIST_KEY_NSHealthUpdateUsageDescription = "WearTAK uses HealthKit for heart-rate monitoring and physiological alerts you enable. This version does not save or modify your Health data.";
				INFOPLIST_KEY_NSLocalNetworkUsageDescription = "WearTAK shares tactical positions, alerts, and points with TAK devices on your local WiFi network.";
				INFOPLIST_KEY_NSLocationWhenInUseUsageDescription = "WearTAK uses your location to send your position and place markers.";
				INFOPLIST_KEY_NSMotionUsageDescription = "WearTAK uses step activity to distinguish resting heart-rate alerts from exertion.";
				INFOPLIST_KEY_UISupportedInterfaceOrientations = "UIInterfaceOrientationPortrait UIInterfaceOrientationPortraitUpsideDown";
				INFOPLIST_KEY_WKWatchOnly = NO;
				INFOPLIST_KEY_WKCompanionAppBundleIdentifier = com.aegorsuch.weartak;
				INFOPLIST_KEY_WKRunsIndependentlyOfCompanionApp = YES;
				LD_RUNPATH_SEARCH_PATHS = (
					"$(inherited)",
					"@executable_path/Frameworks",
				);
				MARKETING_VERSION = 5.8.3;
				PRODUCT_BUNDLE_IDENTIFIER = com.aegorsuch.weartak.watchkitapp;
				PRODUCT_NAME = "$(TARGET_NAME)";
				PROVISIONING_PROFILE_SPECIFIER = "";
				"PROVISIONING_PROFILE_SPECIFIER[sdk=watchos*]" = "WearTAK App Store";
				SDKROOT = watchos;
				SKIP_INSTALL = YES;
				STRING_CATALOG_GENERATE_SYMBOLS = YES;
				SWIFT_APPROACHABLE_CONCURRENCY = YES;
				SWIFT_DEFAULT_ACTOR_ISOLATION = MainActor;
				SWIFT_EMIT_LOC_STRINGS = YES;
				SWIFT_UPCOMING_FEATURE_MEMBER_IMPORT_VISIBILITY = YES;
				SWIFT_VERSION = 5.0;
				TARGETED_DEVICE_FAMILY = 4;
				VALIDATE_PRODUCT = YES;
				WATCHOS_DEPLOYMENT_TARGET = 26.2;
			};
			name = Release;
		};
		99A200000000000000000004 /* Debug */ = {
			isa = XCBuildConfiguration;
			buildSettings = {
				ASSETCATALOG_COMPILER_APPICON_NAME = AppIcon;
				CODE_SIGN_STYLE = Manual;
				"CODE_SIGN_IDENTITY[sdk=iphoneos*]" = "iPhone Distribution";
				"PROVISIONING_PROFILE_SPECIFIER[sdk=iphoneos*]" = "WearTAK Container App Store";
				SWIFT_VERSION = 5.0;
				CODE_SIGN_ENTITLEMENTS = WearTAK.entitlements;
				SWIFT_OBJC_BRIDGING_HEADER = "WearTAKCompanion-Bridging-Header.h";
				OTHER_LDFLAGS = "$(inherited) -ObjC";
				SWIFT_DEFAULT_ACTOR_ISOLATION = MainActor;
				INFOPLIST_KEY_NSLocalNetworkUsageDescription = "WearTAK Companion connects to your TAK server and relays your watch's positions, alerts, and points.";
				INFOPLIST_KEY_UILaunchScreen_Generation = YES;
				CURRENT_PROJECT_VERSION = 18;
				DEVELOPMENT_TEAM = H284X28FTP;
				GENERATE_INFOPLIST_FILE = YES;
				INFOPLIST_KEY_CFBundleDisplayName = "WearTAK Companion";
				INFOPLIST_FILE = "WearTAKCompanion-Info.plist";
				INFOPLIST_KEY_NSLocationWhenInUseUsageDescription = "WearTAK Companion automatically sends this iPhone's GPS position to your enabled TAK servers as your paired watch's TAK identity.";
				INFOPLIST_KEY_NSLocationAlwaysAndWhenInUseUsageDescription = "Always lets WearTAK Companion resume sending this iPhone's GPS position to your enabled TAK servers when your watch wakes it in the background.";
				IPHONEOS_DEPLOYMENT_TARGET = 18.0;
				MARKETING_VERSION = 5.8.3;
				PRODUCT_BUNDLE_IDENTIFIER = com.aegorsuch.weartak;
				PRODUCT_NAME = WearTAK;
				SDKROOT = iphoneos;
				SKIP_INSTALL = NO;
				SUPPORTED_PLATFORMS = "iphoneos iphonesimulator";
				TARGETED_DEVICE_FAMILY = 1;
			};
			name = Debug;
		};
		99A200000000000000000005 /* Release */ = {
			isa = XCBuildConfiguration;
			buildSettings = {
				ASSETCATALOG_COMPILER_APPICON_NAME = AppIcon;
				"PROVISIONING_PROFILE_SPECIFIER[sdk=iphoneos*]" = "WearTAK Container App Store";
				SWIFT_VERSION = 5.0;
				CODE_SIGN_ENTITLEMENTS = WearTAK.entitlements;
				SWIFT_OBJC_BRIDGING_HEADER = "WearTAKCompanion-Bridging-Header.h";
				OTHER_LDFLAGS = "$(inherited) -ObjC";
				SWIFT_DEFAULT_ACTOR_ISOLATION = MainActor;
				INFOPLIST_KEY_NSLocalNetworkUsageDescription = "WearTAK Companion connects to your TAK server and relays your watch's positions, alerts, and points.";
				INFOPLIST_KEY_UILaunchScreen_Generation = YES;
				CODE_SIGN_IDENTITY = "Apple Distribution";
				CODE_SIGN_STYLE = Manual;
				CURRENT_PROJECT_VERSION = 18;
				DEVELOPMENT_TEAM = H284X28FTP;
				GENERATE_INFOPLIST_FILE = YES;
				INFOPLIST_KEY_CFBundleDisplayName = "WearTAK Companion";
				INFOPLIST_FILE = "WearTAKCompanion-Info.plist";
				INFOPLIST_KEY_NSLocationWhenInUseUsageDescription = "WearTAK Companion automatically sends this iPhone's GPS position to your enabled TAK servers as your paired watch's TAK identity.";
				INFOPLIST_KEY_NSLocationAlwaysAndWhenInUseUsageDescription = "Always lets WearTAK Companion resume sending this iPhone's GPS position to your enabled TAK servers when your watch wakes it in the background.";
				IPHONEOS_DEPLOYMENT_TARGET = 18.0;
				MARKETING_VERSION = 5.8.3;
				PRODUCT_BUNDLE_IDENTIFIER = com.aegorsuch.weartak;
				PRODUCT_NAME = WearTAK;
				SDKROOT = iphoneos;
				SKIP_INSTALL = NO;
				SUPPORTED_PLATFORMS = "iphoneos iphonesimulator";
				TARGETED_DEVICE_FAMILY = 1;
				VALIDATE_PRODUCT = YES;
			};
			name = Release;
		};
/* End XCBuildConfiguration section */

/* Begin XCConfigurationList section */
		12858C84306DD75A002BB8CC /* Build configuration list for PBXProject "WearTAK" */ = {
			isa = XCConfigurationList;
			buildConfigurations = (
				12858C92306DD75B002BB8CC /* Debug */,
				12858C93306DD75B002BB8CC /* Release */,
			);
			defaultConfigurationIsVisible = 0;
			defaultConfigurationName = Release;
		};
		12858C94306DD75B002BB8CC /* Build configuration list for PBXNativeTarget "WearTAK Watch App" */ = {
			isa = XCConfigurationList;
			buildConfigurations = (
				12858C95306DD75B002BB8CC /* Debug */,
				12858C96306DD75B002BB8CC /* Release */,
			);
			defaultConfigurationIsVisible = 0;
			defaultConfigurationName = Release;
		};
		99A200000000000000000003 /* Build configuration list for PBXNativeTarget "WearTAK Distribution" */ = {
			isa = XCConfigurationList;
			buildConfigurations = (
				99A200000000000000000004 /* Debug */,
				99A200000000000000000005 /* Release */,
			);
			defaultConfigurationIsVisible = 0;
			defaultConfigurationName = Release;
		};
/* End XCConfigurationList section */
	};
	rootObject = 12858C81306DD75A002BB8CC /* Project object */;
}